
Microsoft Visual Studio Solution File, Format Version 12.00
# Visual Studio Version 17
VisualStudioVersion = 17.3.32819.101
MinimumVisualStudioVersion = 10.0.40219.1
Project("{9A19103F-16F7-4668-BE54-9A1E7A4F7556}") = "Aula-160", "Aula-160\Aula-160.csproj", "{7811F3D1-492D-4090-8871-430CE1260BCA}"
EndProject
Project("{9A19103F-16F7-4668-BE54-9A1E7A4F7556}") = "Aula-161", "Aula-161\Aula-161.csproj", "{980E3B6F-9DF6-4C83-AF34-F68DA976D38D}"
EndProject
Project("{9A19103F-16F7-4668-BE54-9A1E7A4F7556}") = "Aula-162", "Aula-162\Aula-162.csproj", "{8D5D0E76-A863-40E9-AFFA-12A5B7BC3E78}"
EndProject
Project("{9A19103F-16F7-4668-BE54-9A1E7A4F7556}") = "Aula-163", "Aula-163\Aula-163.csproj", "{9B881CC4-26BE-48D9-8722-38A0F277386E}"
EndProject
Project("{9A19103F-16F7-4668-BE54-9A1E7A4F7556}") = "Aula-164", "Aula-164\Aula-164.csproj", "{DA9DC52D-7662-47EF-A3A6-0E59104FEEDE}"
EndProject
Project("{9A19103F-16F7-4668-BE54-9A1E7A4F7556}") = "Aula-165", "Aula-165\Aula-165.csproj", "{C0235B02-4E85-428D-A25D-C4AE5043891E}"
EndProject
Project("{9A19103F-16F7-4668-BE54-9A1E7A4F7556}") = "Aula-166", "Aula-166\Aula-166.csproj", "{E0AD8726-B07A-4009-B238-C73D6E08B42D}"
EndProject
Project("{9A19103F-16F7-4668-BE54-9A1E7A4F7556}") = "Aula-167", "Aula-167\Aula-167.csproj", "{9C90F0E6-93A5-4B70-9843-D2F6587B878F}"
EndProject
Project("{9A19103F-16F7-4668-BE54-9A1E7A4F7556}") = "Aula-168", "Aula-168\Aula-168.csproj", "{26A9B6A4-F650-4916-8F08-9F6A86B4C2F9}"
EndProject
Project("{9A19103F-16F7-4668-BE54-9A1E7A4F7556}") = "Aula-170", "Aula-170\Aula-170.csproj", "{02C9FF32-83B1-4189-A8CF-C434CF83B0E8}"
EndProject
Project("{9A19103F-16F7-4668-BE54-9A1E7A4F7556}") = "Aula-174", "Aula-174\Aula-174.csproj", "{0A0CBA16-E9BE-4B15-A422-FC04C313E523}"
EndProject
Project("{9A19103F-16F7-4668-BE54-9A1E7A4F7556}") = "Aula-177", "Aula-177\Aula-177.csproj", "{E113C983-B2F2-48B9-B977-53D0F58DF6C3}"
EndProject
Project("{FAE04EC0-301F-11D3-BF4B-00C04F79EFBC}") = "Aula-179", "Aula-179\Aula-179.csproj", "{19DA9773-2682-4A6A-BF46-4628253E6E68}"
EndProject
Global
	GlobalSection(SolutionConfigurationPlatforms) = preSolution
		Debug|Any CPU = Debug|Any CPU
		Release|Any CPU = Release|Any CPU
	EndGlobalSection
	GlobalSection(ProjectConfigurationPlatforms) = postSolution
		{7811F3D1-492D-4090-8871-430CE1260BCA}.Debug|Any CPU.ActiveCfg = Debug|Any CPU
		{7811F3D1-492D-4090-8871-430CE1260BCA}.Debug|Any CPU.Build.0 = Debug|Any CPU
		{7811F3D1-492D-4090-8871-430CE1260BCA}.Release|Any CPU.ActiveCfg = Release|Any CPU
		{7811F3D1-492D-4090-8871-430CE1260BCA}.Release|Any CPU.Build.0 = Release|Any CPU
		{980E3B6F-9DF6-4C83-AF34-F68DA976D38D}.Debug|Any CPU.ActiveCfg = Debug|Any CPU
		{980E3B6F-9DF6-4C83-AF34-F68DA976D38D}.Debug|Any CPU.Build.0 = Debug|Any CPU
		{980E3B6F-9DF6-4C83-AF34-F68DA976D38D}.Release|Any CPU.ActiveCfg = Release|Any CPU
		{980E3B6F-9DF6-4C83-AF34-F68DA976D38D}.Release|Any CPU.Build.0 = Release|Any CPU
		{8D5D0E76-A863-40E9-AFFA-12A5B7BC3E78}.Debug|Any CPU.ActiveCfg = Debug|Any CPU
		{8D5D0E76-A863-40E9-AFFA-12A5B7BC3E78}.Debug|Any CPU.Build.0 = Debug|Any CPU
		{8D5D0E76-A863-40E9-AFFA-12A5B7BC3E78}.Release|Any CPU.ActiveCfg = Release|Any CPU
		{8D5D0E76-A863-40E9-AFFA-12A5B7BC3E78}.Release|Any CPU.Build.0 = Release|Any CPU
		{9B881CC4-26BE-48D9-8722-38A0F277386E}.Debug|Any CPU.ActiveCfg = Debug|Any CPU
		{9B881CC4-26BE-48D9-8722-38A0F277386E}.Debug|Any CPU.Build.0 = Debug|Any CPU
		{9B881CC4-26BE-48D9-8722-38A0F277386E}.Release|Any CPU.ActiveCfg = Release|Any CPU
		{9B881CC4-26BE-48D9-8722-38A0F277386E}.Release|Any CPU.Build.0 = Release|Any CPU
		{DA9DC52D-7662-47EF-A3A6-0E59104FEEDE}.Debug|Any CPU.ActiveCfg = Debug|Any CPU
		{DA9DC52D-7662-47EF-A3A6-0E59104FEEDE}.Debug|Any CPU.Build.0 = Debug|Any CPU
		{DA9DC52D-7662-47EF-A3A6-0E59104FEEDE}.Release|Any CPU.ActiveCfg = Release|Any CPU
		{DA9DC52D-7662-47EF-A3A6-0E59104FEEDE}.Release|Any CPU.Build.0 = Release|Any CPU
		{C0235B02-4E85-428D-A25D-C4AE5043891E}.Debug|Any CPU.ActiveCfg = Debug|Any CPU
		{C0235B02-4E85-428D-A25D-C4AE5043891E}.Debug|Any CPU.Build.0 = Debug|Any CPU
		{C0235B02-4E85-428D-A25D-C4AE5043891E}.Release|Any CPU.ActiveCfg = Release|Any CPU
		{C0235B02-4E85-428D-A25D-C4AE5043891E}.Release|Any CPU.Build.0 = Release|Any CPU
		{E0AD8726-B07A-4009-B238-C73D6E08B42D}.Debug|Any CPU.ActiveCfg = Debug|Any CPU
		{E0AD8726-B07A-4009-B238-C73D6E08B42D}.Debug|Any CPU.Build.0 = Debug|Any CPU
		{E0AD8726-B07A-4009-B238-C73D6E08B42D}.Release|Any CPU.ActiveCfg = Release|Any CPU
		{E0AD8726-B07A-4009-B238-C73D6E08B42D}.Release|Any CPU.Build.0 = Release|Any CPU
		{9C90F0E6-93A5-4B70-9843-D2F6587B878F}.Debug|Any CPU.ActiveCfg = Debug|Any CPU
		{9C90F0E6-93A5-4B70-9843-D2F6587B878F}.Debug|Any CPU.Build.0 = Debug|Any CPU
		{9C90F0E6-93A5-4B70-9843-D2F6587B878F}.Release|Any CPU.ActiveCfg = Release|Any CPU
		{9C90F0E6-93A5-4B70-9843-D2F6587B878F}.Release|Any CPU.Build.0 = Release|Any CPU
		{26A9B6A4-F650-4916-8F08-9F6A86B4C2F9}.Debug|Any CPU.ActiveCfg = Debug|Any CPU
		{26A9B6A4-F650-4916-8F08-9F6A86B4C2F9}.Debug|Any CPU.Build.0 = Debug|Any CPU
		{26A9B6A4-F650-4916-8F08-9F6A86B4C2F9}.Release|Any CPU.ActiveCfg = Release|Any CPU
		{26A9B6A4-F650-4916-8F08-9F6A86B4C2F9}.Release|Any CPU.Build.0 = Release|Any CPU
		{02C9FF32-83B1-4189-A8CF-C434CF83B0E8}.Debug|Any CPU.ActiveCfg = Debug|Any CPU
		{02C9FF32-83B1-4189-A8CF-C434CF83B0E8}.Debug|Any CPU.Build.0 = Debug|Any CPU
		{02C9FF32-83B1-4189-A8CF-C434CF83B0E8}.Release|Any CPU.ActiveCfg = Release|Any CPU
		{02C9FF32-83B1-4189-A8CF-C434CF83B0E8}.Release|Any CPU.Build.0 = Release|Any CPU
		{0A0CBA16-E9BE-4B15-A422-FC04C313E523}.Debug|Any CPU.ActiveCfg = Debug|Any CPU
		{0A0CBA16-E9BE-4B15-A422-FC04C313E523}.Debug|Any CPU.Build.0 = Debug|Any CPU
		{0A0CBA16-E9BE-4B15-A422-FC04C313E523}.Release|Any CPU.ActiveCfg = Release|Any CPU
		{0A0CBA16-E9BE-4B15-A422-FC04C313E523}.Release|Any CPU.Build.0 = Release|Any CPU
		{E113C983-B2F2-48B9-B977-53D0F58DF6C3}.Debug|Any CPU.ActiveCfg = Debug|Any CPU
		{E113C983-B2F2-48B9-B977-53D0F58DF6C3}.Debug|Any CPU.Build.0 = Debug|Any CPU
		{E113C983-B2F2-48B9-B977-53D0F58DF6C3}.Release|Any CPU.ActiveCfg = Release|Any CPU
		{E113C983-B2F2-48B9-B977-53D0F58DF6C3}.Release|Any CPU.Build.0 = Release|Any CPU
		{19DA9773-2682-4A6A-BF46-4628253E6E68}.Debug|Any CPU.ActiveCfg = Debug|Any CPU
		{19DA9773-2682-4A6A-BF46-4628253E6E68}.Debug|Any CPU.Build.0 = Debug|Any CPU
		{19DA9773-2682-4A6A-BF46-4628253E6E68}.Release|Any CPU.ActiveCfg = Release|Any CPU
		{19DA9773-2682-4A6A-BF46-4628253E6E68}.Release|Any CPU.Build.0 = Release|Any CPU
	EndGlobalSection
	GlobalSection(SolutionProperties) = preSolution
		HideSolutionNode = FALSE
	EndGlobalSection
	GlobalSection(ExtensibilityGlobals) = postSolution
		SolutionGuid = {C9B6AE0C-D9E1-4663-8AB3-F023B1F95224}
	EndGlobalSection
EndGlobal
