
Microsoft Visual Studio Solution File, Format Version 12.00
# Visual Studio Version 17
VisualStudioVersion = 17.3.32819.101
MinimumVisualStudioVersion = 10.0.40219.1
Project("{9A19103F-16F7-4668-BE54-9A1E7A4F7556}") = "Aula-160", "Aula-160\Aula-160.csproj", "{7811F3D1-492D-4090-8871-430CE1260BCA}"
EndProject
Project("{9A19103F-16F7-4668-BE54-9A1E7A4F7556}") = "Aula-161", "Aula-161\Aula-161.csproj", "{980E3B6F-9DF6-4C83-AF34-F68DA976D38D}"
EndProject
Project("{9A19103F-16F7-4668-BE54-9A1E7A4F7556}") = "Aula-162", "Aula-162\Aula-162.csproj", "{8D5D0E76-A863-40E9-AFFA-12A5B7BC3E78}"
EndProject
Project("{9A19103F-16F7-4668-BE54-9A1E7A4F7556}") = "Aula-163", "Aula-163\Aula-163.csproj", "{9B881CC4-26BE-48D9-8722-38A0F277386E}"
EndProject
Project("{FAE04EC0-301F-11D3-BF4B-00C04F79EFBC}") = "Aula-164", "Aula-164\Aula-164.csproj", "{DA9DC52D-7662-47EF-A3A6-0E59104FEEDE}"
EndProject
Global
	GlobalSection(SolutionConfigurationPlatforms) = preSolution
		Debug|Any CPU = Debug|Any CPU
		Release|Any CPU = Release|Any CPU
	EndGlobalSection
	GlobalSection(ProjectConfigurationPlatforms) = postSolution
		{7811F3D1-492D-4090-8871-430CE1260BCA}.Debug|Any CPU.ActiveCfg = Debug|Any CPU
		{7811F3D1-492D-4090-8871-430CE1260BCA}.Debug|Any CPU.Build.0 = Debug|Any CPU
		{7811F3D1-492D-4090-8871-430CE1260BCA}.Release|Any CPU.ActiveCfg = Release|Any CPU
		{7811F3D1-492D-4090-8871-430CE1260BCA}.Release|Any CPU.Build.0 = Release|Any CPU
		{980E3B6F-9DF6-4C83-AF34-F68DA976D38D}.Debug|Any CPU.ActiveCfg = Debug|Any CPU
		{980E3B6F-9DF6-4C83-AF34-F68DA976D38D}.Debug|Any CPU.Build.0 = Debug|Any CPU
		{980E3B6F-9DF6-4C83-AF34-F68DA976D38D}.Release|Any CPU.ActiveCfg = Release|Any CPU
		{980E3B6F-9DF6-4C83-AF34-F68DA976D38D}.Release|Any CPU.Build.0 = Release|Any CPU
		{8D5D0E76-A863-40E9-AFFA-12A5B7BC3E78}.Debug|Any CPU.ActiveCfg = Debug|Any CPU
		{8D5D0E76-A863-40E9-AFFA-12A5B7BC3E78}.Debug|Any CPU.Build.0 = Debug|Any CPU
		{8D5D0E76-A863-40E9-AFFA-12A5B7BC3E78}.Release|Any CPU.ActiveCfg = Release|Any CPU
		{8D5D0E76-A863-40E9-AFFA-12A5B7BC3E78}.Release|Any CPU.Build.0 = Release|Any CPU
		{9B881CC4-26BE-48D9-8722-38A0F277386E}.Debug|Any CPU.ActiveCfg = Debug|Any CPU
		{9B881CC4-26BE-48D9-8722-38A0F277386E}.Debug|Any CPU.Build.0 = Debug|Any CPU
		{9B881CC4-26BE-48D9-8722-38A0F277386E}.Release|Any CPU.ActiveCfg = Release|Any CPU
		{9B881CC4-26BE-48D9-8722-38A0F277386E}.Release|Any CPU.Build.0 = Release|Any CPU
		{DA9DC52D-7662-47EF-A3A6-0E59104FEEDE}.Debug|Any CPU.ActiveCfg = Debug|Any CPU
		{DA9DC52D-7662-47EF-A3A6-0E59104FEEDE}.Debug|Any CPU.Build.0 = Debug|Any CPU
		{DA9DC52D-7662-47EF-A3A6-0E59104FEEDE}.Release|Any CPU.ActiveCfg = Release|Any CPU
		{DA9DC52D-7662-47EF-A3A6-0E59104FEEDE}.Release|Any CPU.Build.0 = Release|Any CPU
	EndGlobalSection
	GlobalSection(SolutionProperties) = preSolution
		HideSolutionNode = FALSE
	EndGlobalSection
	GlobalSection(ExtensibilityGlobals) = postSolution
		SolutionGuid = {C9B6AE0C-D9E1-4663-8AB3-F023B1F95224}
	EndGlobalSection
EndGlobal
