
Microsoft Visual Studio Solution File, Format Version 12.00
# Visual Studio Version 17
VisualStudioVersion = 17.3.32819.101
MinimumVisualStudioVersion = 10.0.40219.1
Project("{FAE04EC0-301F-11D3-BF4B-00C04F79EFBC}") = "Aula-159", "Aula-159\Aula-159.csproj", "{BB31F70E-6396-4A8E-AAFF-E99270BEDFDB}"
EndProject
Global
	GlobalSection(SolutionConfigurationPlatforms) = preSolution
		Debug|Any CPU = Debug|Any CPU
		Release|Any CPU = Release|Any CPU
	EndGlobalSection
	GlobalSection(ProjectConfigurationPlatforms) = postSolution
		{BB31F70E-6396-4A8E-AAFF-E99270BEDFDB}.Debug|Any CPU.ActiveCfg = Debug|Any CPU
		{BB31F70E-6396-4A8E-AAFF-E99270BEDFDB}.Debug|Any CPU.Build.0 = Debug|Any CPU
		{BB31F70E-6396-4A8E-AAFF-E99270BEDFDB}.Release|Any CPU.ActiveCfg = Release|Any CPU
		{BB31F70E-6396-4A8E-AAFF-E99270BEDFDB}.Release|Any CPU.Build.0 = Release|Any CPU
	EndGlobalSection
	GlobalSection(SolutionProperties) = preSolution
		HideSolutionNode = FALSE
	EndGlobalSection
	GlobalSection(ExtensibilityGlobals) = postSolution
		SolutionGuid = {C9B6AE0C-D9E1-4663-8AB3-F023B1F95224}
	EndGlobalSection
EndGlobal
